
Microsoft Visual Studio Solution File, Format Version 12.00
# Visual Studio Version 17
VisualStudioVersion = 17.5.33530.505
MinimumVisualStudioVersion = 10.0.40219.1
Project("{9A19103F-16F7-4668-BE54-9A1E7A4F7556}") = "FirpoRandomizer", "FirpoRandomizer\FirpoRandomizer.csproj", "{60F5E807-0AB8-461E-A86A-A874B8DD3D0E}"
EndProject
Project("{2150E333-8FDC-42A3-9474-1A3956D46DE8}") = "Images", "Images", "{92EB8F3B-8E0E-4E8E-B336-4DA2F739E808}"
	ProjectSection(SolutionItems) = preProject
		C:\Users\Dmitry\Downloads\FR\128w\icon128.png = C:\Users\Dmitry\Downloads\FR\128w\icon128.png
	EndProjectSection
EndProject
Global
	GlobalSection(SolutionConfigurationPlatforms) = preSolution
		Debug|Any CPU = Debug|Any CPU
		Release|Any CPU = Release|Any CPU
	EndGlobalSection
	GlobalSection(ProjectConfigurationPlatforms) = postSolution
		{60F5E807-0AB8-461E-A86A-A874B8DD3D0E}.Debug|Any CPU.ActiveCfg = Debug|Any CPU
		{60F5E807-0AB8-461E-A86A-A874B8DD3D0E}.Debug|Any CPU.Build.0 = Debug|Any CPU
		{60F5E807-0AB8-461E-A86A-A874B8DD3D0E}.Release|Any CPU.ActiveCfg = Release|Any CPU
		{60F5E807-0AB8-461E-A86A-A874B8DD3D0E}.Release|Any CPU.Build.0 = Release|Any CPU
	EndGlobalSection
	GlobalSection(SolutionProperties) = preSolution
		HideSolutionNode = FALSE
	EndGlobalSection
	GlobalSection(ExtensibilityGlobals) = postSolution
		SolutionGuid = {8E557308-B52C-4BCD-B695-7D23A61002A3}
	EndGlobalSection
EndGlobal
